
Microsoft Visual Studio Solution File, Format Version 12.00
# Visual Studio Version 17
VisualStudioVersion = 17.9.34723.18
MinimumVisualStudioVersion = 10.0.40219.1
Project("{FAE04EC0-301F-11D3-BF4B-00C04F79EFBC}") = "GeradorPDF", "GeradorPDF\GeradorPDF.csproj", "{69E7E299-45CF-40EC-9601-C3050D7F9913}"
EndProject
Global
	GlobalSection(SolutionConfigurationPlatforms) = preSolution
		Debug|Any CPU = Debug|Any CPU
		Release|Any CPU = Release|Any CPU
	EndGlobalSection
	GlobalSection(ProjectConfigurationPlatforms) = postSolution
		{69E7E299-45CF-40EC-9601-C3050D7F9913}.Debug|Any CPU.ActiveCfg = Debug|Any CPU
		{69E7E299-45CF-40EC-9601-C3050D7F9913}.Debug|Any CPU.Build.0 = Debug|Any CPU
		{69E7E299-45CF-40EC-9601-C3050D7F9913}.Release|Any CPU.ActiveCfg = Release|Any CPU
		{69E7E299-45CF-40EC-9601-C3050D7F9913}.Release|Any CPU.Build.0 = Release|Any CPU
	EndGlobalSection
	GlobalSection(SolutionProperties) = preSolution
		HideSolutionNode = FALSE
	EndGlobalSection
	GlobalSection(ExtensibilityGlobals) = postSolution
		SolutionGuid = {0A2362EF-37F5-4D30-8CE8-74E94A65AC06}
	EndGlobalSection
EndGlobal
